
Microsoft Visual Studio Solution File, Format Version 12.00
# Visual Studio 15
VisualStudioVersion = 15.0.27428.2043
MinimumVisualStudioVersion = 10.0.40219.1
Project("{FAE04EC0-301F-11D3-BF4B-00C04F79EFBC}") = "DNETUnitTest", "DNETUnitTest\DNETUnitTest.csproj", "{C3841A3D-6FF5-4B4F-8685-45C5D3A784AF}"
EndProject
Project("{FAE04EC0-301F-11D3-BF4B-00C04F79EFBC}") = "DNET", "DNET\DNET.csproj", "{1AF6AFDE-C7FE-466A-9A48-E2E4922F4DA3}"
EndProject
Global
	GlobalSection(SolutionConfigurationPlatforms) = preSolution
		Debug|Any CPU = Debug|Any CPU
		Release|Any CPU = Release|Any CPU
	EndGlobalSection
	GlobalSection(ProjectConfigurationPlatforms) = postSolution
		{C3841A3D-6FF5-4B4F-8685-45C5D3A784AF}.Debug|Any CPU.ActiveCfg = Debug|Any CPU
		{C3841A3D-6FF5-4B4F-8685-45C5D3A784AF}.Debug|Any CPU.Build.0 = Debug|Any CPU
		{C3841A3D-6FF5-4B4F-8685-45C5D3A784AF}.Release|Any CPU.ActiveCfg = Release|Any CPU
		{C3841A3D-6FF5-4B4F-8685-45C5D3A784AF}.Release|Any CPU.Build.0 = Release|Any CPU
		{1AF6AFDE-C7FE-466A-9A48-E2E4922F4DA3}.Debug|Any CPU.ActiveCfg = Debug|Any CPU
		{1AF6AFDE-C7FE-466A-9A48-E2E4922F4DA3}.Debug|Any CPU.Build.0 = Debug|Any CPU
		{1AF6AFDE-C7FE-466A-9A48-E2E4922F4DA3}.Release|Any CPU.ActiveCfg = Release|Any CPU
		{1AF6AFDE-C7FE-466A-9A48-E2E4922F4DA3}.Release|Any CPU.Build.0 = Release|Any CPU
	EndGlobalSection
	GlobalSection(SolutionProperties) = preSolution
		HideSolutionNode = FALSE
	EndGlobalSection
	GlobalSection(ExtensibilityGlobals) = postSolution
		SolutionGuid = {232C41B7-9EE4-47D4-B375-0CFE3549D640}
	EndGlobalSection
EndGlobal
